// !$*UTF8*$!
{
	archiveVersion = 1;
	classes = {
	};
	objectVersion = 55;
	objects = {

/* Begin PBXBuildFile section */
		14211F4228C9B99D00E74D30 /* RTest.swift in Sources */ = {isa = PBXBuildFile; fileRef = 14211F4128C9B99D00E74D30 /* RTest.swift */; };
		142170E528D1873A00B7B9B4 /* WidgetKit.framework in Frameworks */ = {isa = PBXBuildFile; fileRef = 142170E428D1873A00B7B9B4 /* WidgetKit.framework */; };
		142170E728D1873A00B7B9B4 /* SwiftUI.framework in Frameworks */ = {isa = PBXBuildFile; fileRef = 142170E628D1873A00B7B9B4 /* SwiftUI.framework */; };
		142170EA28D1873A00B7B9B4 /* RisingWidget.swift in Sources */ = {isa = PBXBuildFile; fileRef = 142170E928D1873A00B7B9B4 /* RisingWidget.swift */; };
		142170ED28D1873B00B7B9B4 /* Assets.xcassets in Resources */ = {isa = PBXBuildFile; fileRef = 142170EC28D1873B00B7B9B4 /* Assets.xcassets */; };
		142170EF28D1873B00B7B9B4 /* RisingWidget.intentdefinition in Sources */ = {isa = PBXBuildFile; fileRef = 142170EB28D1873A00B7B9B4 /* RisingWidget.intentdefinition */; };
		142170F028D1873B00B7B9B4 /* RisingWidget.intentdefinition in Sources */ = {isa = PBXBuildFile; fileRef = 142170EB28D1873A00B7B9B4 /* RisingWidget.intentdefinition */; };
		142170F328D1873B00B7B9B4 /* RisingWidgetExtension.appex in Embed App Extensions */ = {isa = PBXBuildFile; fileRef = 142170E328D1873A00B7B9B4 /* RisingWidgetExtension.appex */; settings = {ATTRIBUTES = (RemoveHeadersOnCopy, ); }; };
		1422240A28D98DAC009A4A54 /* TestingBase.m in Sources */ = {isa = PBXBuildFile; fileRef = 1422240928D98DAC009A4A54 /* TestingBase.m */; };
		1422240D28D98E4A009A4A54 /* TestingCar.m in Sources */ = {isa = PBXBuildFile; fileRef = 1422240C28D98E4A009A4A54 /* TestingCar.m */; };
		1422242428D9B2D5009A4A54 /* RisingUIKitExtension.m in Sources */ = {isa = PBXBuildFile; fileRef = 1422242328D9B2D5009A4A54 /* RisingUIKitExtension.m */; };
		1434662C28D43F03001DB1D0 /* MainCollectionViewCell.m in Sources */ = {isa = PBXBuildFile; fileRef = 1434662B28D43F03001DB1D0 /* MainCollectionViewCell.m */; };
		1434662F28D43F32001DB1D0 /* MainDetailCollectionViewCell.m in Sources */ = {isa = PBXBuildFile; fileRef = 1434662E28D43F32001DB1D0 /* MainDetailCollectionViewCell.m */; };
		1441B78828E307BC001E3227 /* WKViewController.m in Sources */ = {isa = PBXBuildFile; fileRef = 1441B78728E307BC001E3227 /* WKViewController.m */; };
		1441B78B28E33A5E001E3227 /* CustomURLSchemeHandler.m in Sources */ = {isa = PBXBuildFile; fileRef = 1441B78A28E33A5E001E3227 /* CustomURLSchemeHandler.m */; };
		1441B7B128E5ACC4001E3227 /* SchedulePresenter.m in Sources */ = {isa = PBXBuildFile; fileRef = 1441B79228E5ACC4001E3227 /* SchedulePresenter.m */; };
		1441B7B228E5ACC4001E3227 /* ScheduleServiceDelegate.m in Sources */ = {isa = PBXBuildFile; fileRef = 1441B79728E5ACC4001E3227 /* ScheduleServiceDelegate.m */; };
		1441B7B328E5ACC4001E3227 /* ScheduleCourse.mm in Sources */ = {isa = PBXBuildFile; fileRef = 1441B79928E5ACC4001E3227 /* ScheduleCourse.mm */; };
		1441B7B428E5ACC4001E3227 /* ScheduleCombineModel.m in Sources */ = {isa = PBXBuildFile; fileRef = 1441B79A28E5ACC4001E3227 /* ScheduleCombineModel.m */; };
		1441B7B528E5ACC4001E3227 /* RisingRouter+Schedule.m in Sources */ = {isa = PBXBuildFile; fileRef = 1441B79D28E5ACC4001E3227 /* RisingRouter+Schedule.m */; };
		1441B7B628E5ACC4001E3227 /* ScheduleInteractorWCDB.mm in Sources */ = {isa = PBXBuildFile; fileRef = 1441B79F28E5ACC4001E3227 /* ScheduleInteractorWCDB.mm */; };
		1441B7B728E5ACC4001E3227 /* ScheduleSupplementaryCollectionViewCell.m in Sources */ = {isa = PBXBuildFile; fileRef = 1441B7A128E5ACC4001E3227 /* ScheduleSupplementaryCollectionViewCell.m */; };
		1441B7B828E5ACC4001E3227 /* ScheduleServiceDataSource.m in Sources */ = {isa = PBXBuildFile; fileRef = 1441B7A228E5ACC4001E3227 /* ScheduleServiceDataSource.m */; };
		1441B7B928E5ACC4001E3227 /* ScheduleInteractorRequest.m in Sources */ = {isa = PBXBuildFile; fileRef = 1441B7A328E5ACC4001E3227 /* ScheduleInteractorRequest.m */; };
		1441B7BA28E5ACC4001E3227 /* ScheduleCollectionViewCell.m in Sources */ = {isa = PBXBuildFile; fileRef = 1441B7A628E5ACC4001E3227 /* ScheduleCollectionViewCell.m */; };
		1441B7BB28E5ACC4001E3227 /* ScheduleCollectionViewLayout.m in Sources */ = {isa = PBXBuildFile; fileRef = 1441B7A828E5ACC4001E3227 /* ScheduleCollectionViewLayout.m */; };
		1441B7BC28E5ACC4001E3227 /* ScheduleCollectionHeaderView.m in Sources */ = {isa = PBXBuildFile; fileRef = 1441B7AA28E5ACC4001E3227 /* ScheduleCollectionHeaderView.m */; };
		1441B7BD28E5ACC4001E3227 /* ScheduleController.m in Sources */ = {isa = PBXBuildFile; fileRef = 1441B7AB28E5ACC4001E3227 /* ScheduleController.m */; };
		1441B7BE28E5ACC4001E3227 /* ScheduleModel.mm in Sources */ = {isa = PBXBuildFile; fileRef = 1441B7AD28E5ACC4001E3227 /* ScheduleModel.mm */; };
		1441B7BF28E5ACC4001E3227 /* ScheduleCollectionLeadingView.m in Sources */ = {isa = PBXBuildFile; fileRef = 1441B7AF28E5ACC4001E3227 /* ScheduleCollectionLeadingView.m */; };
		1441B7C028E5ACC4001E3227 /* ScheduleRequestType.m in Sources */ = {isa = PBXBuildFile; fileRef = 1441B7B028E5ACC4001E3227 /* ScheduleRequestType.m */; };
		1441B7C328E5ACF4001E3227 /* HttpTool.m in Sources */ = {isa = PBXBuildFile; fileRef = 1441B7C228E5ACF4001E3227 /* HttpTool.m */; };
		1441B7C628E5C76A001E3227 /* rowLessonDataArr in Resources */ = {isa = PBXBuildFile; fileRef = 1441B7C528E5C76A001E3227 /* rowLessonDataArr */; };
		1474674F28CC914600141947 /* RisingRouterCS.m in Sources */ = {isa = PBXBuildFile; fileRef = 1474674E28CC914600141947 /* RisingRouterCS.m */; };
		1477BE8C28D5AFB6001B1CFD /* UIView+Rising.m in Sources */ = {isa = PBXBuildFile; fileRef = 1477BE8B28D5AFB6001B1CFD /* UIView+Rising.m */; };
		1477BE8D28D5B300001B1CFD /* UIColor+Rising.m in Sources */ = {isa = PBXBuildFile; fileRef = 14CDC7FB289915710009358F /* UIColor+Rising.m */; };
		1477BE9128D5B9BA001B1CFD /* RisingNetManager.m in Sources */ = {isa = PBXBuildFile; fileRef = 1477BE9028D5B9BA001B1CFD /* RisingNetManager.m */; };
		148EB50828EC01690051A88C /* WeekData.swift in Sources */ = {isa = PBXBuildFile; fileRef = 148EB50728EC01690051A88C /* WeekData.swift */; };
		14CDC7C7289911720009358F /* AppDelegate.m in Sources */ = {isa = PBXBuildFile; fileRef = 14CDC7C6289911720009358F /* AppDelegate.m */; };
		14CDC7D2289911720009358F /* Assets.xcassets in Resources */ = {isa = PBXBuildFile; fileRef = 14CDC7D1289911720009358F /* Assets.xcassets */; };
		14CDC7D5289911720009358F /* LaunchScreen.storyboard in Resources */ = {isa = PBXBuildFile; fileRef = 14CDC7D3289911720009358F /* LaunchScreen.storyboard */; };
		14CDC7D8289911720009358F /* main.m in Sources */ = {isa = PBXBuildFile; fileRef = 14CDC7D7289911720009358F /* main.m */; };
		14CDC7E9289915610009358F /* RisingRouterResponse.m in Sources */ = {isa = PBXBuildFile; fileRef = 14CDC7E1289915610009358F /* RisingRouterResponse.m */; };
		14CDC7EB289915610009358F /* RisingRouterRequest.m in Sources */ = {isa = PBXBuildFile; fileRef = 14CDC7E5289915610009358F /* RisingRouterRequest.m */; };
		14CDC7EC289915610009358F /* RisingRouter.m in Sources */ = {isa = PBXBuildFile; fileRef = 14CDC7E7289915610009358F /* RisingRouter.m */; };
		14CDC7FD289915710009358F /* NSDate+Rising.m in Sources */ = {isa = PBXBuildFile; fileRef = 14CDC7F0289915710009358F /* NSDate+Rising.m */; };
		14CDC7FE289915710009358F /* RisingFoundationExtention.m in Sources */ = {isa = PBXBuildFile; fileRef = 14CDC7F1289915710009358F /* RisingFoundationExtention.m */; };
		14CDC804289915BF0009358F /* MainController.m in Sources */ = {isa = PBXBuildFile; fileRef = 14CDC803289915BF0009358F /* MainController.m */; };
		14CDC84428995E070009358F /* MinePresenter.m in Sources */ = {isa = PBXBuildFile; fileRef = 14CDC84328995E070009358F /* MinePresenter.m */; };
		14D0F25E28CC8C5C00C8B80B /* Test.mm in Sources */ = {isa = PBXBuildFile; fileRef = 14D0F25D28CC8C5C00C8B80B /* Test.mm */; };
		F57CBEFF8EFB2D2137A76C93 /* Pods_Rising.framework in Frameworks */ = {isa = PBXBuildFile; fileRef = D6AE0A37B056AF5245DE0CA5 /* Pods_Rising.framework */; };
/* End PBXBuildFile section */

/* Begin PBXContainerItemProxy section */
		142170F128D1873B00B7B9B4 /* PBXContainerItemProxy */ = {
			isa = PBXContainerItemProxy;
			containerPortal = 14CDC7BA289911720009358F /* Project object */;
			proxyType = 1;
			remoteGlobalIDString = 142170E228D1873A00B7B9B4;
			remoteInfo = RisingWidgetExtension;
		};
/* End PBXContainerItemProxy section */

/* Begin PBXCopyFilesBuildPhase section */
		142170F428D1873B00B7B9B4 /* Embed App Extensions */ = {
			isa = PBXCopyFilesBuildPhase;
			buildActionMask = 2147483647;
			dstPath = "";
			dstSubfolderSpec = 13;
			files = (
				142170F328D1873B00B7B9B4 /* RisingWidgetExtension.appex in Embed App Extensions */,
			);
			name = "Embed App Extensions";
			runOnlyForDeploymentPostprocessing = 0;
		};
/* End PBXCopyFilesBuildPhase section */

/* Begin PBXFileReference section */
		14211F4028C9B99D00E74D30 /* Rising-Bridging-Header.h */ = {isa = PBXFileReference; lastKnownFileType = sourcecode.c.h; path = "Rising-Bridging-Header.h"; sourceTree = "<group>"; };
		14211F4128C9B99D00E74D30 /* RTest.swift */ = {isa = PBXFileReference; lastKnownFileType = sourcecode.swift; path = RTest.swift; sourceTree = "<group>"; };
		142170E328D1873A00B7B9B4 /* RisingWidgetExtension.appex */ = {isa = PBXFileReference; explicitFileType = "wrapper.app-extension"; includeInIndex = 0; path = RisingWidgetExtension.appex; sourceTree = BUILT_PRODUCTS_DIR; };
		142170E428D1873A00B7B9B4 /* WidgetKit.framework */ = {isa = PBXFileReference; lastKnownFileType = wrapper.framework; name = WidgetKit.framework; path = System/Library/Frameworks/WidgetKit.framework; sourceTree = SDKROOT; };
		142170E628D1873A00B7B9B4 /* SwiftUI.framework */ = {isa = PBXFileReference; lastKnownFileType = wrapper.framework; name = SwiftUI.framework; path = System/Library/Frameworks/SwiftUI.framework; sourceTree = SDKROOT; };
		142170E928D1873A00B7B9B4 /* RisingWidget.swift */ = {isa = PBXFileReference; lastKnownFileType = sourcecode.swift; path = RisingWidget.swift; sourceTree = "<group>"; };
		142170EB28D1873A00B7B9B4 /* RisingWidget.intentdefinition */ = {isa = PBXFileReference; lastKnownFileType = file.intentdefinition; path = RisingWidget.intentdefinition; sourceTree = "<group>"; };
		142170EC28D1873B00B7B9B4 /* Assets.xcassets */ = {isa = PBXFileReference; lastKnownFileType = folder.assetcatalog; path = Assets.xcassets; sourceTree = "<group>"; };
		142170EE28D1873B00B7B9B4 /* Info.plist */ = {isa = PBXFileReference; lastKnownFileType = text.plist.xml; path = Info.plist; sourceTree = "<group>"; };
		1422240728D98D93009A4A54 /* TestingProtocol.h */ = {isa = PBXFileReference; lastKnownFileType = sourcecode.c.h; path = TestingProtocol.h; sourceTree = "<group>"; };
		1422240828D98DAC009A4A54 /* TestingBase.h */ = {isa = PBXFileReference; lastKnownFileType = sourcecode.c.h; path = TestingBase.h; sourceTree = "<group>"; };
		1422240928D98DAC009A4A54 /* TestingBase.m */ = {isa = PBXFileReference; lastKnownFileType = sourcecode.c.objc; path = TestingBase.m; sourceTree = "<group>"; };
		1422240B28D98E4A009A4A54 /* TestingCar.h */ = {isa = PBXFileReference; lastKnownFileType = sourcecode.c.h; path = TestingCar.h; sourceTree = "<group>"; };
		1422240C28D98E4A009A4A54 /* TestingCar.m */ = {isa = PBXFileReference; lastKnownFileType = sourcecode.c.objc; path = TestingCar.m; sourceTree = "<group>"; };
		1422240E28D995D8009A4A54 /* RisingRouterCompletionProtocol.h */ = {isa = PBXFileReference; lastKnownFileType = sourcecode.c.h; path = RisingRouterCompletionProtocol.h; sourceTree = "<group>"; };
		1422240F28D99736009A4A54 /* MainProtocol.h */ = {isa = PBXFileReference; lastKnownFileType = sourcecode.c.h; path = MainProtocol.h; sourceTree = "<group>"; };
		1422242328D9B2D5009A4A54 /* RisingUIKitExtension.m */ = {isa = PBXFileReference; lastKnownFileType = sourcecode.c.objc; path = RisingUIKitExtension.m; sourceTree = "<group>"; };
		1434662A28D43F03001DB1D0 /* MainCollectionViewCell.h */ = {isa = PBXFileReference; lastKnownFileType = sourcecode.c.h; path = MainCollectionViewCell.h; sourceTree = "<group>"; };
		1434662B28D43F03001DB1D0 /* MainCollectionViewCell.m */ = {isa = PBXFileReference; lastKnownFileType = sourcecode.c.objc; path = MainCollectionViewCell.m; sourceTree = "<group>"; };
		1434662D28D43F32001DB1D0 /* MainDetailCollectionViewCell.h */ = {isa = PBXFileReference; lastKnownFileType = sourcecode.c.h; path = MainDetailCollectionViewCell.h; sourceTree = "<group>"; };
		1434662E28D43F32001DB1D0 /* MainDetailCollectionViewCell.m */ = {isa = PBXFileReference; lastKnownFileType = sourcecode.c.objc; path = MainDetailCollectionViewCell.m; sourceTree = "<group>"; };
		1441B78628E307BC001E3227 /* WKViewController.h */ = {isa = PBXFileReference; lastKnownFileType = sourcecode.c.h; path = WKViewController.h; sourceTree = "<group>"; };
		1441B78728E307BC001E3227 /* WKViewController.m */ = {isa = PBXFileReference; lastKnownFileType = sourcecode.c.objc; path = WKViewController.m; sourceTree = "<group>"; };
		1441B78928E33A5E001E3227 /* CustomURLSchemeHandler.h */ = {isa = PBXFileReference; lastKnownFileType = sourcecode.c.h; path = CustomURLSchemeHandler.h; sourceTree = "<group>"; };
		1441B78A28E33A5E001E3227 /* CustomURLSchemeHandler.m */ = {isa = PBXFileReference; lastKnownFileType = sourcecode.c.objc; path = CustomURLSchemeHandler.m; sourceTree = "<group>"; };
		1441B78D28E5ACC4001E3227 /* ScheduleCourse.h */ = {isa = PBXFileReference; fileEncoding = 4; lastKnownFileType = sourcecode.c.h; path = ScheduleCourse.h; sourceTree = "<group>"; };
		1441B78E28E5ACC4001E3227 /* ScheduleRouterProtocol.h */ = {isa = PBXFileReference; fileEncoding = 4; lastKnownFileType = sourcecode.c.h; path = ScheduleRouterProtocol.h; sourceTree = "<group>"; };
		1441B78F28E5ACC4001E3227 /* ScheduleInteractorRequest.h */ = {isa = PBXFileReference; fileEncoding = 4; lastKnownFileType = sourcecode.c.h; path = ScheduleInteractorRequest.h; sourceTree = "<group>"; };
		1441B79028E5ACC4001E3227 /* ScheduleServiceDataSource.h */ = {isa = PBXFileReference; fileEncoding = 4; lastKnownFileType = sourcecode.c.h; path = ScheduleServiceDataSource.h; sourceTree = "<group>"; };
		1441B79128E5ACC4001E3227 /* ScheduleSupplementaryCollectionViewCell.h */ = {isa = PBXFileReference; fileEncoding = 4; lastKnownFileType = sourcecode.c.h; path = ScheduleSupplementaryCollectionViewCell.h; sourceTree = "<group>"; };
		1441B79228E5ACC4001E3227 /* SchedulePresenter.m */ = {isa = PBXFileReference; fileEncoding = 4; lastKnownFileType = sourcecode.c.objc; path = SchedulePresenter.m; sourceTree = "<group>"; };
		1441B79328E5ACC4001E3227 /* RisingScheduleHeader.h */ = {isa = PBXFileReference; fileEncoding = 4; lastKnownFileType = sourcecode.c.h; path = RisingScheduleHeader.h; sourceTree = "<group>"; };
		1441B79428E5ACC4001E3227 /* ScheduleCollectionViewCell.h */ = {isa = PBXFileReference; fileEncoding = 4; lastKnownFileType = sourcecode.c.h; path = ScheduleCollectionViewCell.h; sourceTree = "<group>"; };
		1441B79528E5ACC4001E3227 /* ScheduleRequestType.h */ = {isa = PBXFileReference; fileEncoding = 4; lastKnownFileType = sourcecode.c.h; path = ScheduleRequestType.h; sourceTree = "<group>"; };
		1441B79628E5ACC4001E3227 /* ScheduleCollectionLeadingView.h */ = {isa = PBXFileReference; fileEncoding = 4; lastKnownFileType = sourcecode.c.h; path = ScheduleCollectionLeadingView.h; sourceTree = "<group>"; };
		1441B79728E5ACC4001E3227 /* ScheduleServiceDelegate.m */ = {isa = PBXFileReference; fileEncoding = 4; lastKnownFileType = sourcecode.c.objc; path = ScheduleServiceDelegate.m; sourceTree = "<group>"; };
		1441B79828E5ACC4001E3227 /* ScheduleModel.h */ = {isa = PBXFileReference; fileEncoding = 4; lastKnownFileType = sourcecode.c.h; path = ScheduleModel.h; sourceTree = "<group>"; };
		1441B79928E5ACC4001E3227 /* ScheduleCourse.mm */ = {isa = PBXFileReference; fileEncoding = 4; lastKnownFileType = sourcecode.cpp.objcpp; path = ScheduleCourse.mm; sourceTree = "<group>"; };
		1441B79A28E5ACC4001E3227 /* ScheduleCombineModel.m */ = {isa = PBXFileReference; fileEncoding = 4; lastKnownFileType = sourcecode.c.objc; path = ScheduleCombineModel.m; sourceTree = "<group>"; };
		1441B79B28E5ACC4001E3227 /* ScheduleController.h */ = {isa = PBXFileReference; fileEncoding = 4; lastKnownFileType = sourcecode.c.h; path = ScheduleController.h; sourceTree = "<group>"; };
		1441B79C28E5ACC4001E3227 /* ScheduleCollectionHeaderView.h */ = {isa = PBXFileReference; fileEncoding = 4; lastKnownFileType = sourcecode.c.h; path = ScheduleCollectionHeaderView.h; sourceTree = "<group>"; };
		1441B79D28E5ACC4001E3227 /* RisingRouter+Schedule.m */ = {isa = PBXFileReference; fileEncoding = 4; lastKnownFileType = sourcecode.c.objc; path = "RisingRouter+Schedule.m"; sourceTree = "<group>"; };
		1441B79E28E5ACC4001E3227 /* ScheduleCollectionViewLayout.h */ = {isa = PBXFileReference; fileEncoding = 4; lastKnownFileType = sourcecode.c.h; path = ScheduleCollectionViewLayout.h; sourceTree = "<group>"; };
		1441B79F28E5ACC4001E3227 /* ScheduleInteractorWCDB.mm */ = {isa = PBXFileReference; fileEncoding = 4; lastKnownFileType = sourcecode.cpp.objcpp; path = ScheduleInteractorWCDB.mm; sourceTree = "<group>"; };
		1441B7A028E5ACC4001E3227 /* SchedulePresenter.h */ = {isa = PBXFileReference; fileEncoding = 4; lastKnownFileType = sourcecode.c.h; path = SchedulePresenter.h; sourceTree = "<group>"; };
		1441B7A128E5ACC4001E3227 /* ScheduleSupplementaryCollectionViewCell.m */ = {isa = PBXFileReference; fileEncoding = 4; lastKnownFileType = sourcecode.c.objc; path = ScheduleSupplementaryCollectionViewCell.m; sourceTree = "<group>"; };
		1441B7A228E5ACC4001E3227 /* ScheduleServiceDataSource.m */ = {isa = PBXFileReference; fileEncoding = 4; lastKnownFileType = sourcecode.c.objc; path = ScheduleServiceDataSource.m; sourceTree = "<group>"; };
		1441B7A328E5ACC4001E3227 /* ScheduleInteractorRequest.m */ = {isa = PBXFileReference; fileEncoding = 4; lastKnownFileType = sourcecode.c.objc; path = ScheduleInteractorRequest.m; sourceTree = "<group>"; };
		1441B7A528E5ACC4001E3227 /* ScheduleInteractorWCDB.h */ = {isa = PBXFileReference; fileEncoding = 4; lastKnownFileType = sourcecode.c.h; path = ScheduleInteractorWCDB.h; sourceTree = "<group>"; };
		1441B7A628E5ACC4001E3227 /* ScheduleCollectionViewCell.m */ = {isa = PBXFileReference; fileEncoding = 4; lastKnownFileType = sourcecode.c.objc; path = ScheduleCollectionViewCell.m; sourceTree = "<group>"; };
		1441B7A728E5ACC4001E3227 /* ScheduleCourse+WCTTableCoding.h */ = {isa = PBXFileReference; fileEncoding = 4; lastKnownFileType = sourcecode.c.h; path = "ScheduleCourse+WCTTableCoding.h"; sourceTree = "<group>"; };
		1441B7A828E5ACC4001E3227 /* ScheduleCollectionViewLayout.m */ = {isa = PBXFileReference; fileEncoding = 4; lastKnownFileType = sourcecode.c.objc; path = ScheduleCollectionViewLayout.m; sourceTree = "<group>"; };
		1441B7A928E5ACC4001E3227 /* RisingRouter+Schedule.h */ = {isa = PBXFileReference; fileEncoding = 4; lastKnownFileType = sourcecode.c.h; path = "RisingRouter+Schedule.h"; sourceTree = "<group>"; };
		1441B7AA28E5ACC4001E3227 /* ScheduleCollectionHeaderView.m */ = {isa = PBXFileReference; fileEncoding = 4; lastKnownFileType = sourcecode.c.objc; path = ScheduleCollectionHeaderView.m; sourceTree = "<group>"; };
		1441B7AB28E5ACC4001E3227 /* ScheduleController.m */ = {isa = PBXFileReference; fileEncoding = 4; lastKnownFileType = sourcecode.c.objc; path = ScheduleController.m; sourceTree = "<group>"; };
		1441B7AC28E5ACC4001E3227 /* ScheduleCombineModel.h */ = {isa = PBXFileReference; fileEncoding = 4; lastKnownFileType = sourcecode.c.h; path = ScheduleCombineModel.h; sourceTree = "<group>"; };
		1441B7AD28E5ACC4001E3227 /* ScheduleModel.mm */ = {isa = PBXFileReference; fileEncoding = 4; lastKnownFileType = sourcecode.cpp.objcpp; path = ScheduleModel.mm; sourceTree = "<group>"; };
		1441B7AE28E5ACC4001E3227 /* ScheduleServiceDelegate.h */ = {isa = PBXFileReference; fileEncoding = 4; lastKnownFileType = sourcecode.c.h; path = ScheduleServiceDelegate.h; sourceTree = "<group>"; };
		1441B7AF28E5ACC4001E3227 /* ScheduleCollectionLeadingView.m */ = {isa = PBXFileReference; fileEncoding = 4; lastKnownFileType = sourcecode.c.objc; path = ScheduleCollectionLeadingView.m; sourceTree = "<group>"; };
		1441B7B028E5ACC4001E3227 /* ScheduleRequestType.m */ = {isa = PBXFileReference; fileEncoding = 4; lastKnownFileType = sourcecode.c.objc; path = ScheduleRequestType.m; sourceTree = "<group>"; };
		1441B7C128E5ACF4001E3227 /* HttpTool.h */ = {isa = PBXFileReference; fileEncoding = 4; lastKnownFileType = sourcecode.c.h; path = HttpTool.h; sourceTree = "<group>"; };
		1441B7C228E5ACF4001E3227 /* HttpTool.m */ = {isa = PBXFileReference; fileEncoding = 4; lastKnownFileType = sourcecode.c.objc; path = HttpTool.m; sourceTree = "<group>"; };
		1441B7C428E5C6B6001E3227 /* RisingSingleClass.h */ = {isa = PBXFileReference; lastKnownFileType = sourcecode.c.h; path = RisingSingleClass.h; sourceTree = "<group>"; };
		1441B7C528E5C76A001E3227 /* rowLessonDataArr */ = {isa = PBXFileReference; fileEncoding = 4; lastKnownFileType = text.xml; path = rowLessonDataArr; sourceTree = "<group>"; };
		1474674D28CC914600141947 /* RisingRouterCS.h */ = {isa = PBXFileReference; lastKnownFileType = sourcecode.c.h; path = RisingRouterCS.h; sourceTree = "<group>"; };
		1474674E28CC914600141947 /* RisingRouterCS.m */ = {isa = PBXFileReference; lastKnownFileType = sourcecode.c.objc; path = RisingRouterCS.m; sourceTree = "<group>"; };
		1477BE8A28D5AFB6001B1CFD /* UIView+Rising.h */ = {isa = PBXFileReference; lastKnownFileType = sourcecode.c.h; path = "UIView+Rising.h"; sourceTree = "<group>"; };
		1477BE8B28D5AFB6001B1CFD /* UIView+Rising.m */ = {isa = PBXFileReference; lastKnownFileType = sourcecode.c.objc; path = "UIView+Rising.m"; sourceTree = "<group>"; };
		1477BE8E28D5B94E001B1CFD /* RisingExtension.h */ = {isa = PBXFileReference; lastKnownFileType = sourcecode.c.h; path = RisingExtension.h; sourceTree = "<group>"; };
		1477BE8F28D5B9BA001B1CFD /* RisingNetManager.h */ = {isa = PBXFileReference; lastKnownFileType = sourcecode.c.h; path = RisingNetManager.h; sourceTree = "<group>"; };
		1477BE9028D5B9BA001B1CFD /* RisingNetManager.m */ = {isa = PBXFileReference; lastKnownFileType = sourcecode.c.objc; path = RisingNetManager.m; sourceTree = "<group>"; };
		148EB50728EC01690051A88C /* WeekData.swift */ = {isa = PBXFileReference; lastKnownFileType = sourcecode.swift; path = WeekData.swift; sourceTree = "<group>"; };
		148EB50928EC01AD0051A88C /* Bridge.h */ = {isa = PBXFileReference; lastKnownFileType = sourcecode.c.h; path = Bridge.h; sourceTree = "<group>"; };
		14CDC7C2289911720009358F /* Rising.app */ = {isa = PBXFileReference; explicitFileType = wrapper.application; includeInIndex = 0; path = Rising.app; sourceTree = BUILT_PRODUCTS_DIR; };
		14CDC7C5289911720009358F /* AppDelegate.h */ = {isa = PBXFileReference; lastKnownFileType = sourcecode.c.h; path = AppDelegate.h; sourceTree = "<group>"; };
		14CDC7C6289911720009358F /* AppDelegate.m */ = {isa = PBXFileReference; lastKnownFileType = sourcecode.c.objc; path = AppDelegate.m; sourceTree = "<group>"; };
		14CDC7D1289911720009358F /* Assets.xcassets */ = {isa = PBXFileReference; lastKnownFileType = folder.assetcatalog; path = Assets.xcassets; sourceTree = "<group>"; };
		14CDC7D4289911720009358F /* Base */ = {isa = PBXFileReference; lastKnownFileType = file.storyboard; name = Base; path = Base.lproj/LaunchScreen.storyboard; sourceTree = "<group>"; };
		14CDC7D6289911720009358F /* Info.plist */ = {isa = PBXFileReference; lastKnownFileType = text.plist.xml; path = Info.plist; sourceTree = "<group>"; };
		14CDC7D7289911720009358F /* main.m */ = {isa = PBXFileReference; lastKnownFileType = sourcecode.c.objc; path = main.m; sourceTree = "<group>"; };
		14CDC7DE2899145E0009358F /* RisingPCH.pch */ = {isa = PBXFileReference; lastKnownFileType = sourcecode.c.h; path = RisingPCH.pch; sourceTree = "<group>"; };
		14CDC7E0289915610009358F /* RisingRouterRequest.h */ = {isa = PBXFileReference; fileEncoding = 4; lastKnownFileType = sourcecode.c.h; path = RisingRouterRequest.h; sourceTree = "<group>"; };
		14CDC7E1289915610009358F /* RisingRouterResponse.m */ = {isa = PBXFileReference; fileEncoding = 4; lastKnownFileType = sourcecode.c.objc; path = RisingRouterResponse.m; sourceTree = "<group>"; };
		14CDC7E2289915610009358F /* RisingRouter.h */ = {isa = PBXFileReference; fileEncoding = 4; lastKnownFileType = sourcecode.c.h; path = RisingRouter.h; sourceTree = "<group>"; };
		14CDC7E4289915610009358F /* RisingRouterHandler.h */ = {isa = PBXFileReference; fileEncoding = 4; lastKnownFileType = sourcecode.c.h; path = RisingRouterHandler.h; sourceTree = "<group>"; };
		14CDC7E5289915610009358F /* RisingRouterRequest.m */ = {isa = PBXFileReference; fileEncoding = 4; lastKnownFileType = sourcecode.c.objc; path = RisingRouterRequest.m; sourceTree = "<group>"; };
		14CDC7E7289915610009358F /* RisingRouter.m */ = {isa = PBXFileReference; fileEncoding = 4; lastKnownFileType = sourcecode.c.objc; path = RisingRouter.m; sourceTree = "<group>"; };
		14CDC7E8289915610009358F /* RisingRouterResponse.h */ = {isa = PBXFileReference; fileEncoding = 4; lastKnownFileType = sourcecode.c.h; path = RisingRouterResponse.h; sourceTree = "<group>"; };
		14CDC7EF289915710009358F /* RisingFoundationExtension.h */ = {isa = PBXFileReference; fileEncoding = 4; lastKnownFileType = sourcecode.c.h; path = RisingFoundationExtension.h; sourceTree = "<group>"; };
		14CDC7F0289915710009358F /* NSDate+Rising.m */ = {isa = PBXFileReference; fileEncoding = 4; lastKnownFileType = sourcecode.c.objc; path = "NSDate+Rising.m"; sourceTree = "<group>"; };
		14CDC7F1289915710009358F /* RisingFoundationExtention.m */ = {isa = PBXFileReference; fileEncoding = 4; lastKnownFileType = sourcecode.c.objc; path = RisingFoundationExtention.m; sourceTree = "<group>"; };
		14CDC7F2289915710009358F /* NSDate+Rising.h */ = {isa = PBXFileReference; fileEncoding = 4; lastKnownFileType = sourcecode.c.h; path = "NSDate+Rising.h"; sourceTree = "<group>"; };
		14CDC7FA289915710009358F /* UIColor+Rising.h */ = {isa = PBXFileReference; fileEncoding = 4; lastKnownFileType = sourcecode.c.h; path = "UIColor+Rising.h"; sourceTree = "<group>"; };
		14CDC7FB289915710009358F /* UIColor+Rising.m */ = {isa = PBXFileReference; fileEncoding = 4; lastKnownFileType = sourcecode.c.objc; path = "UIColor+Rising.m"; sourceTree = "<group>"; };
		14CDC7FC289915710009358F /* RisingUIKitExtension.h */ = {isa = PBXFileReference; fileEncoding = 4; lastKnownFileType = sourcecode.c.h; path = RisingUIKitExtension.h; sourceTree = "<group>"; };
		14CDC802289915BF0009358F /* MainController.h */ = {isa = PBXFileReference; lastKnownFileType = sourcecode.c.h; path = MainController.h; sourceTree = "<group>"; };
		14CDC803289915BF0009358F /* MainController.m */ = {isa = PBXFileReference; lastKnownFileType = sourcecode.c.objc; path = MainController.m; sourceTree = "<group>"; };
		14CDC84228995E070009358F /* MinePresenter.h */ = {isa = PBXFileReference; lastKnownFileType = sourcecode.c.h; path = MinePresenter.h; sourceTree = "<group>"; };
		14CDC84328995E070009358F /* MinePresenter.m */ = {isa = PBXFileReference; lastKnownFileType = sourcecode.c.objc; path = MinePresenter.m; sourceTree = "<group>"; };
		14D0F25C28CC8C5C00C8B80B /* Test.h */ = {isa = PBXFileReference; lastKnownFileType = sourcecode.c.h; path = Test.h; sourceTree = "<group>"; };
		14D0F25D28CC8C5C00C8B80B /* Test.mm */ = {isa = PBXFileReference; lastKnownFileType = sourcecode.cpp.objcpp; path = Test.mm; sourceTree = "<group>"; };
		14F989E928D5C230008DBF15 /* RisingSigleClass.h */ = {isa = PBXFileReference; lastKnownFileType = sourcecode.c.h; path = RisingSigleClass.h; sourceTree = "<group>"; };
		22D3780331E63334F8D16391 /* Pods-Rising.release.xcconfig */ = {isa = PBXFileReference; includeInIndex = 1; lastKnownFileType = text.xcconfig; name = "Pods-Rising.release.xcconfig"; path = "Target Support Files/Pods-Rising/Pods-Rising.release.xcconfig"; sourceTree = "<group>"; };
		393C19EACBBEA0BF43A6E5A8 /* Pods-Rising.debug.xcconfig */ = {isa = PBXFileReference; includeInIndex = 1; lastKnownFileType = text.xcconfig; name = "Pods-Rising.debug.xcconfig"; path = "Target Support Files/Pods-Rising/Pods-Rising.debug.xcconfig"; sourceTree = "<group>"; };
		D6AE0A37B056AF5245DE0CA5 /* Pods_Rising.framework */ = {isa = PBXFileReference; explicitFileType = wrapper.framework; includeInIndex = 0; path = Pods_Rising.framework; sourceTree = BUILT_PRODUCTS_DIR; };
/* End PBXFileReference section */

/* Begin PBXFrameworksBuildPhase section */
		142170E028D1873A00B7B9B4 /* Frameworks */ = {
			isa = PBXFrameworksBuildPhase;
			buildActionMask = 2147483647;
			files = (
				142170E728D1873A00B7B9B4 /* SwiftUI.framework in Frameworks */,
				142170E528D1873A00B7B9B4 /* WidgetKit.framework in Frameworks */,
			);
			runOnlyForDeploymentPostprocessing = 0;
		};
		14CDC7BF289911720009358F /* Frameworks */ = {
			isa = PBXFrameworksBuildPhase;
			buildActionMask = 2147483647;
			files = (
				F57CBEFF8EFB2D2137A76C93 /* Pods_Rising.framework in Frameworks */,
			);
			runOnlyForDeploymentPostprocessing = 0;
		};
/* End PBXFrameworksBuildPhase section */

/* Begin PBXGroup section */
		10769C5AAE1AD9243A665D34 /* Pods */ = {
			isa = PBXGroup;
			children = (
				393C19EACBBEA0BF43A6E5A8 /* Pods-Rising.debug.xcconfig */,
				22D3780331E63334F8D16391 /* Pods-Rising.release.xcconfig */,
			);
			path = Pods;
			sourceTree = "<group>";
		};
		142170E828D1873A00B7B9B4 /* RisingWidget */ = {
			isa = PBXGroup;
			children = (
				142170E928D1873A00B7B9B4 /* RisingWidget.swift */,
				148EB50728EC01690051A88C /* WeekData.swift */,
				148EB50928EC01AD0051A88C /* Bridge.h */,
				142170EB28D1873A00B7B9B4 /* RisingWidget.intentdefinition */,
				142170EC28D1873B00B7B9B4 /* Assets.xcassets */,
				142170EE28D1873B00B7B9B4 /* Info.plist */,
			);
			path = RisingWidget;
			sourceTree = "<group>";
		};
		1441B78C28E5ACC4001E3227 /* Rising Schedule */ = {
			isa = PBXGroup;
			children = (
				1441B78E28E5ACC4001E3227 /* ScheduleRouterProtocol.h */,
				1441B79328E5ACC4001E3227 /* RisingScheduleHeader.h */,
				1441B7A928E5ACC4001E3227 /* RisingRouter+Schedule.h */,
				1441B79D28E5ACC4001E3227 /* RisingRouter+Schedule.m */,
				1441B7A028E5ACC4001E3227 /* SchedulePresenter.h */,
				1441B79228E5ACC4001E3227 /* SchedulePresenter.m */,
				1441B79B28E5ACC4001E3227 /* ScheduleController.h */,
				1441B7AB28E5ACC4001E3227 /* ScheduleController.m */,
				1441B79C28E5ACC4001E3227 /* ScheduleCollectionHeaderView.h */,
				1441B7AA28E5ACC4001E3227 /* ScheduleCollectionHeaderView.m */,
				1441B79628E5ACC4001E3227 /* ScheduleCollectionLeadingView.h */,
				1441B7AF28E5ACC4001E3227 /* ScheduleCollectionLeadingView.m */,
				1441B79428E5ACC4001E3227 /* ScheduleCollectionViewCell.h */,
				1441B7A628E5ACC4001E3227 /* ScheduleCollectionViewCell.m */,
				1441B79128E5ACC4001E3227 /* ScheduleSupplementaryCollectionViewCell.h */,
				1441B7A128E5ACC4001E3227 /* ScheduleSupplementaryCollectionViewCell.m */,
				1441B79E28E5ACC4001E3227 /* ScheduleCollectionViewLayout.h */,
				1441B7A828E5ACC4001E3227 /* ScheduleCollectionViewLayout.m */,
				1441B79028E5ACC4001E3227 /* ScheduleServiceDataSource.h */,
				1441B7A228E5ACC4001E3227 /* ScheduleServiceDataSource.m */,
				1441B7AE28E5ACC4001E3227 /* ScheduleServiceDelegate.h */,
				1441B79728E5ACC4001E3227 /* ScheduleServiceDelegate.m */,
				1441B79528E5ACC4001E3227 /* ScheduleRequestType.h */,
				1441B7B028E5ACC4001E3227 /* ScheduleRequestType.m */,
				1441B78F28E5ACC4001E3227 /* ScheduleInteractorRequest.h */,
				1441B7A328E5ACC4001E3227 /* ScheduleInteractorRequest.m */,
				1441B7A528E5ACC4001E3227 /* ScheduleInteractorWCDB.h */,
				1441B79F28E5ACC4001E3227 /* ScheduleInteractorWCDB.mm */,
				1441B79828E5ACC4001E3227 /* ScheduleModel.h */,
				1441B7AD28E5ACC4001E3227 /* ScheduleModel.mm */,
				1441B7AC28E5ACC4001E3227 /* ScheduleCombineModel.h */,
				1441B79A28E5ACC4001E3227 /* ScheduleCombineModel.m */,
				1441B78D28E5ACC4001E3227 /* ScheduleCourse.h */,
				1441B79928E5ACC4001E3227 /* ScheduleCourse.mm */,
				1441B7A728E5ACC4001E3227 /* ScheduleCourse+WCTTableCoding.h */,
				1441B7C528E5C76A001E3227 /* rowLessonDataArr */,
			);
			path = "Rising Schedule";
			sourceTree = "<group>";
		};
		14CDC7B9289911720009358F = {
			isa = PBXGroup;
			children = (
				14CDC7C4289911720009358F /* Rising */,
				142170E828D1873A00B7B9B4 /* RisingWidget */,
				14CDC7C3289911720009358F /* Products */,
				10769C5AAE1AD9243A665D34 /* Pods */,
				EDFDED82C5DB7275A1C54868 /* Frameworks */,
			);
			sourceTree = "<group>";
		};
		14CDC7C3289911720009358F /* Products */ = {
			isa = PBXGroup;
			children = (
				14CDC7C2289911720009358F /* Rising.app */,
				142170E328D1873A00B7B9B4 /* RisingWidgetExtension.appex */,
			);
			name = Products;
			sourceTree = "<group>";
		};
		14CDC7C4289911720009358F /* Rising */ = {
			isa = PBXGroup;
			children = (
				14CDC7C5289911720009358F /* AppDelegate.h */,
				14CDC7C6289911720009358F /* AppDelegate.m */,
				14CDC84228995E070009358F /* MinePresenter.h */,
				14CDC84328995E070009358F /* MinePresenter.m */,
				1422240F28D99736009A4A54 /* MainProtocol.h */,
				14CDC802289915BF0009358F /* MainController.h */,
				14CDC803289915BF0009358F /* MainController.m */,
				1441B78628E307BC001E3227 /* WKViewController.h */,
				1441B78728E307BC001E3227 /* WKViewController.m */,
				1441B78928E33A5E001E3227 /* CustomURLSchemeHandler.h */,
				1441B78A28E33A5E001E3227 /* CustomURLSchemeHandler.m */,
				1422240728D98D93009A4A54 /* TestingProtocol.h */,
				1422240B28D98E4A009A4A54 /* TestingCar.h */,
				1422240C28D98E4A009A4A54 /* TestingCar.m */,
				1422240828D98DAC009A4A54 /* TestingBase.h */,
				1422240928D98DAC009A4A54 /* TestingBase.m */,
				1434662A28D43F03001DB1D0 /* MainCollectionViewCell.h */,
				1434662B28D43F03001DB1D0 /* MainCollectionViewCell.m */,
				1434662D28D43F32001DB1D0 /* MainDetailCollectionViewCell.h */,
				1434662E28D43F32001DB1D0 /* MainDetailCollectionViewCell.m */,
				1441B7C128E5ACF4001E3227 /* HttpTool.h */,
				1441B7C228E5ACF4001E3227 /* HttpTool.m */,
				1441B7C428E5C6B6001E3227 /* RisingSingleClass.h */,
				1441B78C28E5ACC4001E3227 /* Rising Schedule */,
				14211F4128C9B99D00E74D30 /* RTest.swift */,
				14F989EA28D5D54A008DBF15 /* RisingNetManager */,
				14CDC7DF289915610009358F /* RisingRouter */,
				14CDC7ED289915710009358F /* Rising Extension */,
				14CDC7DE2899145E0009358F /* RisingPCH.pch */,
				14CDC7D1289911720009358F /* Assets.xcassets */,
				14CDC7D3289911720009358F /* LaunchScreen.storyboard */,
				14CDC7D6289911720009358F /* Info.plist */,
				14CDC7D7289911720009358F /* main.m */,
				14D0F25C28CC8C5C00C8B80B /* Test.h */,
				14D0F25D28CC8C5C00C8B80B /* Test.mm */,
				14211F4028C9B99D00E74D30 /* Rising-Bridging-Header.h */,
			);
			path = Rising;
			sourceTree = "<group>";
		};
		14CDC7DF289915610009358F /* RisingRouter */ = {
			isa = PBXGroup;
			children = (
				14CDC7E4289915610009358F /* RisingRouterHandler.h */,
				1422240E28D995D8009A4A54 /* RisingRouterCompletionProtocol.h */,
				14CDC7E2289915610009358F /* RisingRouter.h */,
				14CDC7E7289915610009358F /* RisingRouter.m */,
				1474674D28CC914600141947 /* RisingRouterCS.h */,
				1474674E28CC914600141947 /* RisingRouterCS.m */,
				14CDC7E0289915610009358F /* RisingRouterRequest.h */,
				14CDC7E5289915610009358F /* RisingRouterRequest.m */,
				14CDC7E8289915610009358F /* RisingRouterResponse.h */,
				14CDC7E1289915610009358F /* RisingRouterResponse.m */,
			);
			path = RisingRouter;
			sourceTree = "<group>";
		};
		14CDC7ED289915710009358F /* Rising Extension */ = {
			isa = PBXGroup;
			children = (
				1477BE8E28D5B94E001B1CFD /* RisingExtension.h */,
				14F989E928D5C230008DBF15 /* RisingSigleClass.h */,
				14CDC7EE289915710009358F /* Foundation Extension */,
				14CDC7F4289915710009358F /* UIKit Extension */,
			);
			path = "Rising Extension";
			sourceTree = "<group>";
		};
		14CDC7EE289915710009358F /* Foundation Extension */ = {
			isa = PBXGroup;
			children = (
				14CDC7EF289915710009358F /* RisingFoundationExtension.h */,
				14CDC7F1289915710009358F /* RisingFoundationExtention.m */,
				14CDC7F2289915710009358F /* NSDate+Rising.h */,
				14CDC7F0289915710009358F /* NSDate+Rising.m */,
			);
			path = "Foundation Extension";
			sourceTree = "<group>";
		};
		14CDC7F4289915710009358F /* UIKit Extension */ = {
			isa = PBXGroup;
			children = (
				14CDC7FC289915710009358F /* RisingUIKitExtension.h */,
				1422242328D9B2D5009A4A54 /* RisingUIKitExtension.m */,
				1477BE8A28D5AFB6001B1CFD /* UIView+Rising.h */,
				1477BE8B28D5AFB6001B1CFD /* UIView+Rising.m */,
				14CDC7FA289915710009358F /* UIColor+Rising.h */,
				14CDC7FB289915710009358F /* UIColor+Rising.m */,
			);
			path = "UIKit Extension";
			sourceTree = "<group>";
		};
		14F989EA28D5D54A008DBF15 /* RisingNetManager */ = {
			isa = PBXGroup;
			children = (
				1477BE8F28D5B9BA001B1CFD /* RisingNetManager.h */,
				1477BE9028D5B9BA001B1CFD /* RisingNetManager.m */,
			);
			path = RisingNetManager;
			sourceTree = "<group>";
		};
		EDFDED82C5DB7275A1C54868 /* Frameworks */ = {
			isa = PBXGroup;
			children = (
				D6AE0A37B056AF5245DE0CA5 /* Pods_Rising.framework */,
				142170E428D1873A00B7B9B4 /* WidgetKit.framework */,
				142170E628D1873A00B7B9B4 /* SwiftUI.framework */,
			);
			name = Frameworks;
			sourceTree = "<group>";
		};
/* End PBXGroup section */

/* Begin PBXNativeTarget section */
		142170E228D1873A00B7B9B4 /* RisingWidgetExtension */ = {
			isa = PBXNativeTarget;
			buildConfigurationList = 142170F728D1873B00B7B9B4 /* Build configuration list for PBXNativeTarget "RisingWidgetExtension" */;
			buildPhases = (
				142170DF28D1873A00B7B9B4 /* Sources */,
				142170E028D1873A00B7B9B4 /* Frameworks */,
				142170E128D1873A00B7B9B4 /* Resources */,
			);
			buildRules = (
			);
			dependencies = (
			);
			name = RisingWidgetExtension;
			productName = RisingWidgetExtension;
			productReference = 142170E328D1873A00B7B9B4 /* RisingWidgetExtension.appex */;
			productType = "com.apple.product-type.app-extension";
		};
		14CDC7C1289911720009358F /* Rising */ = {
			isa = PBXNativeTarget;
			buildConfigurationList = 14CDC7DB289911720009358F /* Build configuration list for PBXNativeTarget "Rising" */;
			buildPhases = (
				89642A3F8B730942CD6C5FBD /* [CP] Check Pods Manifest.lock */,
				14CDC7BE289911720009358F /* Sources */,
				14CDC7BF289911720009358F /* Frameworks */,
				14CDC7C0289911720009358F /* Resources */,
				6C33A72A52260AAFBE1370F2 /* [CP] Embed Pods Frameworks */,
				142170F428D1873B00B7B9B4 /* Embed App Extensions */,
			);
			buildRules = (
			);
			dependencies = (
				142170F228D1873B00B7B9B4 /* PBXTargetDependency */,
			);
			name = Rising;
			productName = Rising;
			productReference = 14CDC7C2289911720009358F /* Rising.app */;
			productType = "com.apple.product-type.application";
		};
/* End PBXNativeTarget section */

/* Begin PBXProject section */
		14CDC7BA289911720009358F /* Project object */ = {
			isa = PBXProject;
			attributes = {
				BuildIndependentTargetsInParallel = 1;
				LastSwiftUpdateCheck = 1340;
				LastUpgradeCheck = 1340;
				TargetAttributes = {
					142170E228D1873A00B7B9B4 = {
						CreatedOnToolsVersion = 13.4.1;
					};
					14CDC7C1289911720009358F = {
						CreatedOnToolsVersion = 13.4.1;
						LastSwiftMigration = 1340;
					};
				};
			};
			buildConfigurationList = 14CDC7BD289911720009358F /* Build configuration list for PBXProject "Rising" */;
			compatibilityVersion = "Xcode 13.0";
			developmentRegion = en;
			hasScannedForEncodings = 0;
			knownRegions = (
				en,
				Base,
			);
			mainGroup = 14CDC7B9289911720009358F;
			productRefGroup = 14CDC7C3289911720009358F /* Products */;
			projectDirPath = "";
			projectRoot = "";
			targets = (
				14CDC7C1289911720009358F /* Rising */,
				142170E228D1873A00B7B9B4 /* RisingWidgetExtension */,
			);
		};
/* End PBXProject section */

/* Begin PBXResourcesBuildPhase section */
		142170E128D1873A00B7B9B4 /* Resources */ = {
			isa = PBXResourcesBuildPhase;
			buildActionMask = 2147483647;
			files = (
				142170ED28D1873B00B7B9B4 /* Assets.xcassets in Resources */,
			);
			runOnlyForDeploymentPostprocessing = 0;
		};
		14CDC7C0289911720009358F /* Resources */ = {
			isa = PBXResourcesBuildPhase;
			buildActionMask = 2147483647;
			files = (
				14CDC7D5289911720009358F /* LaunchScreen.storyboard in Resources */,
				1441B7C628E5C76A001E3227 /* rowLessonDataArr in Resources */,
				14CDC7D2289911720009358F /* Assets.xcassets in Resources */,
			);
			runOnlyForDeploymentPostprocessing = 0;
		};
/* End PBXResourcesBuildPhase section */

/* Begin PBXShellScriptBuildPhase section */
		6C33A72A52260AAFBE1370F2 /* [CP] Embed Pods Frameworks */ = {
			isa = PBXShellScriptBuildPhase;
			buildActionMask = 2147483647;
			files = (
			);
			inputFileListPaths = (
				"${PODS_ROOT}/Target Support Files/Pods-Rising/Pods-Rising-frameworks-${CONFIGURATION}-input-files.xcfilelist",
			);
			name = "[CP] Embed Pods Frameworks";
			outputFileListPaths = (
				"${PODS_ROOT}/Target Support Files/Pods-Rising/Pods-Rising-frameworks-${CONFIGURATION}-output-files.xcfilelist",
			);
			runOnlyForDeploymentPostprocessing = 0;
			shellPath = /bin/sh;
			shellScript = "\"${PODS_ROOT}/Target Support Files/Pods-Rising/Pods-Rising-frameworks.sh\"\n";
			showEnvVarsInLog = 0;
		};
		89642A3F8B730942CD6C5FBD /* [CP] Check Pods Manifest.lock */ = {
			isa = PBXShellScriptBuildPhase;
			buildActionMask = 2147483647;
			files = (
			);
			inputFileListPaths = (
			);
			inputPaths = (
				"${PODS_PODFILE_DIR_PATH}/Podfile.lock",
				"${PODS_ROOT}/Manifest.lock",
			);
			name = "[CP] Check Pods Manifest.lock";
			outputFileListPaths = (
			);
			outputPaths = (
				"$(DERIVED_FILE_DIR)/Pods-Rising-checkManifestLockResult.txt",
			);
			runOnlyForDeploymentPostprocessing = 0;
			shellPath = /bin/sh;
			shellScript = "diff \"${PODS_PODFILE_DIR_PATH}/Podfile.lock\" \"${PODS_ROOT}/Manifest.lock\" > /dev/null\nif [ $? != 0 ] ; then\n    # print error to STDERR\n    echo \"error: The sandbox is not in sync with the Podfile.lock. Run 'pod install' or update your CocoaPods installation.\" >&2\n    exit 1\nfi\n# This output is used by Xcode 'outputs' to avoid re-running this script phase.\necho \"SUCCESS\" > \"${SCRIPT_OUTPUT_FILE_0}\"\n";
			showEnvVarsInLog = 0;
		};
/* End PBXShellScriptBuildPhase section */

/* Begin PBXSourcesBuildPhase section */
		142170DF28D1873A00B7B9B4 /* Sources */ = {
			isa = PBXSourcesBuildPhase;
			buildActionMask = 2147483647;
			files = (
				142170EF28D1873B00B7B9B4 /* RisingWidget.intentdefinition in Sources */,
				142170EA28D1873A00B7B9B4 /* RisingWidget.swift in Sources */,
				148EB50828EC01690051A88C /* WeekData.swift in Sources */,
			);
			runOnlyForDeploymentPostprocessing = 0;
		};
		14CDC7BE289911720009358F /* Sources */ = {
			isa = PBXSourcesBuildPhase;
			buildActionMask = 2147483647;
			files = (
				1434662F28D43F32001DB1D0 /* MainDetailCollectionViewCell.m in Sources */,
				1441B7BC28E5ACC4001E3227 /* ScheduleCollectionHeaderView.m in Sources */,
				14CDC84428995E070009358F /* MinePresenter.m in Sources */,
				1441B7BA28E5ACC4001E3227 /* ScheduleCollectionViewCell.m in Sources */,
				1441B78828E307BC001E3227 /* WKViewController.m in Sources */,
				14D0F25E28CC8C5C00C8B80B /* Test.mm in Sources */,
				1477BE8C28D5AFB6001B1CFD /* UIView+Rising.m in Sources */,
				1441B7BE28E5ACC4001E3227 /* ScheduleModel.mm in Sources */,
				14CDC7C7289911720009358F /* AppDelegate.m in Sources */,
				14CDC804289915BF0009358F /* MainController.m in Sources */,
				1441B7B928E5ACC4001E3227 /* ScheduleInteractorRequest.m in Sources */,
				1441B7BB28E5ACC4001E3227 /* ScheduleCollectionViewLayout.m in Sources */,
				1434662C28D43F03001DB1D0 /* MainCollectionViewCell.m in Sources */,
				14211F4228C9B99D00E74D30 /* RTest.swift in Sources */,
				14CDC7EC289915610009358F /* RisingRouter.m in Sources */,
				1441B7B428E5ACC4001E3227 /* ScheduleCombineModel.m in Sources */,
				1477BE8D28D5B300001B1CFD /* UIColor+Rising.m in Sources */,
				1441B7BD28E5ACC4001E3227 /* ScheduleController.m in Sources */,
				14CDC7E9289915610009358F /* RisingRouterResponse.m in Sources */,
				1441B7C328E5ACF4001E3227 /* HttpTool.m in Sources */,
				14CDC7D8289911720009358F /* main.m in Sources */,
				1441B7C028E5ACC4001E3227 /* ScheduleRequestType.m in Sources */,
				1474674F28CC914600141947 /* RisingRouterCS.m in Sources */,
				1441B7B728E5ACC4001E3227 /* ScheduleSupplementaryCollectionViewCell.m in Sources */,
				1441B7BF28E5ACC4001E3227 /* ScheduleCollectionLeadingView.m in Sources */,
				1422242428D9B2D5009A4A54 /* RisingUIKitExtension.m in Sources */,
				1477BE9128D5B9BA001B1CFD /* RisingNetManager.m in Sources */,
				1422240D28D98E4A009A4A54 /* TestingCar.m in Sources */,
				1441B78B28E33A5E001E3227 /* CustomURLSchemeHandler.m in Sources */,
				142170F028D1873B00B7B9B4 /* RisingWidget.intentdefinition in Sources */,
				1441B7B328E5ACC4001E3227 /* ScheduleCourse.mm in Sources */,
				1441B7B228E5ACC4001E3227 /* ScheduleServiceDelegate.m in Sources */,
				1441B7B128E5ACC4001E3227 /* SchedulePresenter.m in Sources */,
				1441B7B528E5ACC4001E3227 /* RisingRouter+Schedule.m in Sources */,
				14CDC7EB289915610009358F /* RisingRouterRequest.m in Sources */,
				1422240A28D98DAC009A4A54 /* TestingBase.m in Sources */,
				14CDC7FD289915710009358F /* NSDate+Rising.m in Sources */,
				1441B7B828E5ACC4001E3227 /* ScheduleServiceDataSource.m in Sources */,
				1441B7B628E5ACC4001E3227 /* ScheduleInteractorWCDB.mm in Sources */,
				14CDC7FE289915710009358F /* RisingFoundationExtention.m in Sources */,
			);
			runOnlyForDeploymentPostprocessing = 0;
		};
/* End PBXSourcesBuildPhase section */

/* Begin PBXTargetDependency section */
		142170F228D1873B00B7B9B4 /* PBXTargetDependency */ = {
			isa = PBXTargetDependency;
			target = 142170E228D1873A00B7B9B4 /* RisingWidgetExtension */;
			targetProxy = 142170F128D1873B00B7B9B4 /* PBXContainerItemProxy */;
		};
/* End PBXTargetDependency section */

/* Begin PBXVariantGroup section */
		14CDC7D3289911720009358F /* LaunchScreen.storyboard */ = {
			isa = PBXVariantGroup;
			children = (
				14CDC7D4289911720009358F /* Base */,
			);
			name = LaunchScreen.storyboard;
			sourceTree = "<group>";
		};
/* End PBXVariantGroup section */

/* Begin XCBuildConfiguration section */
		142170F528D1873B00B7B9B4 /* Debug */ = {
			isa = XCBuildConfiguration;
			buildSettings = {
				ASSETCATALOG_COMPILER_GLOBAL_ACCENT_COLOR_NAME = AccentColor;
				ASSETCATALOG_COMPILER_WIDGET_BACKGROUND_COLOR_NAME = WidgetBackground;
				CODE_SIGN_STYLE = Automatic;
				CURRENT_PROJECT_VERSION = 1;
				DEVELOPMENT_TEAM = 727CVV9PLJ;
				GENERATE_INFOPLIST_FILE = YES;
				INFOPLIST_FILE = RisingWidget/Info.plist;
				INFOPLIST_KEY_CFBundleDisplayName = RisingWidget;
				INFOPLIST_KEY_NSHumanReadableCopyright = "";
				IPHONEOS_DEPLOYMENT_TARGET = 15.5;
				LD_RUNPATH_SEARCH_PATHS = (
					"$(inherited)",
					"@executable_path/Frameworks",
					"@executable_path/../../Frameworks",
				);
				MARKETING_VERSION = 1.0;
				PRODUCT_BUNDLE_IDENTIFIER = SSR.Rising.RisingWidget;
				PRODUCT_NAME = "$(TARGET_NAME)";
				SKIP_INSTALL = YES;
				SWIFT_ACTIVE_COMPILATION_CONDITIONS = DEBUG;
				SWIFT_EMIT_LOC_STRINGS = YES;
				SWIFT_OBJC_BRIDGING_HEADER = "/Users/ssr/Documents/SSR Program/Rising/RisingWidget/Bridge.h";
				SWIFT_OPTIMIZATION_LEVEL = "-Onone";
				SWIFT_VERSION = 5.0;
				TARGETED_DEVICE_FAMILY = "1,2";
			};
			name = Debug;
		};
		142170F628D1873B00B7B9B4 /* Release */ = {
			isa = XCBuildConfiguration;
			buildSettings = {
				ASSETCATALOG_COMPILER_GLOBAL_ACCENT_COLOR_NAME = AccentColor;
				ASSETCATALOG_COMPILER_WIDGET_BACKGROUND_COLOR_NAME = WidgetBackground;
				CODE_SIGN_STYLE = Automatic;
				CURRENT_PROJECT_VERSION = 1;
				DEVELOPMENT_TEAM = 727CVV9PLJ;
				GENERATE_INFOPLIST_FILE = YES;
				INFOPLIST_FILE = RisingWidget/Info.plist;
				INFOPLIST_KEY_CFBundleDisplayName = RisingWidget;
				INFOPLIST_KEY_NSHumanReadableCopyright = "";
				IPHONEOS_DEPLOYMENT_TARGET = 15.5;
				LD_RUNPATH_SEARCH_PATHS = (
					"$(inherited)",
					"@executable_path/Frameworks",
					"@executable_path/../../Frameworks",
				);
				MARKETING_VERSION = 1.0;
				PRODUCT_BUNDLE_IDENTIFIER = SSR.Rising.RisingWidget;
				PRODUCT_NAME = "$(TARGET_NAME)";
				SKIP_INSTALL = YES;
				SWIFT_COMPILATION_MODE = wholemodule;
				SWIFT_EMIT_LOC_STRINGS = YES;
				SWIFT_OBJC_BRIDGING_HEADER = "/Users/ssr/Documents/SSR Program/Rising/RisingWidget/Bridge.h";
				SWIFT_OPTIMIZATION_LEVEL = "-O";
				SWIFT_VERSION = 5.0;
				TARGETED_DEVICE_FAMILY = "1,2";
			};
			name = Release;
		};
		14CDC7D9289911720009358F /* Debug */ = {
			isa = XCBuildConfiguration;
			buildSettings = {
				ALWAYS_SEARCH_USER_PATHS = NO;
				CLANG_ANALYZER_NONNULL = YES;
				CLANG_ANALYZER_NUMBER_OBJECT_CONVERSION = YES_AGGRESSIVE;
				CLANG_CXX_LANGUAGE_STANDARD = "gnu++17";
				CLANG_ENABLE_MODULES = YES;
				CLANG_ENABLE_OBJC_ARC = YES;
				CLANG_ENABLE_OBJC_WEAK = YES;
				CLANG_WARN_BLOCK_CAPTURE_AUTORELEASING = YES;
				CLANG_WARN_BOOL_CONVERSION = YES;
				CLANG_WARN_COMMA = YES;
				CLANG_WARN_CONSTANT_CONVERSION = YES;
				CLANG_WARN_DEPRECATED_OBJC_IMPLEMENTATIONS = YES;
				CLANG_WARN_DIRECT_OBJC_ISA_USAGE = YES_ERROR;
				CLANG_WARN_DOCUMENTATION_COMMENTS = YES;
				CLANG_WARN_EMPTY_BODY = YES;
				CLANG_WARN_ENUM_CONVERSION = YES;
				CLANG_WARN_INFINITE_RECURSION = YES;
				CLANG_WARN_INT_CONVERSION = YES;
				CLANG_WARN_NON_LITERAL_NULL_CONVERSION = YES;
				CLANG_WARN_OBJC_IMPLICIT_RETAIN_SELF = YES;
				CLANG_WARN_OBJC_LITERAL_CONVERSION = YES;
				CLANG_WARN_OBJC_ROOT_CLASS = YES_ERROR;
				CLANG_WARN_QUOTED_INCLUDE_IN_FRAMEWORK_HEADER = YES;
				CLANG_WARN_RANGE_LOOP_ANALYSIS = YES;
				CLANG_WARN_STRICT_PROTOTYPES = YES;
				CLANG_WARN_SUSPICIOUS_MOVE = YES;
				CLANG_WARN_UNGUARDED_AVAILABILITY = YES_AGGRESSIVE;
				CLANG_WARN_UNREACHABLE_CODE = YES;
				CLANG_WARN__DUPLICATE_METHOD_MATCH = YES;
				COPY_PHASE_STRIP = NO;
				DEBUG_INFORMATION_FORMAT = dwarf;
				ENABLE_STRICT_OBJC_MSGSEND = YES;
				ENABLE_TESTABILITY = YES;
				GCC_C_LANGUAGE_STANDARD = gnu11;
				GCC_DYNAMIC_NO_PIC = NO;
				GCC_INCREASE_PRECOMPILED_HEADER_SHARING = NO;
				GCC_NO_COMMON_BLOCKS = YES;
				GCC_OPTIMIZATION_LEVEL = 0;
				GCC_PREPROCESSOR_DEFINITIONS = (
					"DEBUG=1",
					"$(inherited)",
				);
				GCC_WARN_64_TO_32_BIT_CONVERSION = YES;
				GCC_WARN_ABOUT_RETURN_TYPE = YES_ERROR;
				GCC_WARN_UNDECLARED_SELECTOR = YES;
				GCC_WARN_UNINITIALIZED_AUTOS = YES_AGGRESSIVE;
				GCC_WARN_UNUSED_FUNCTION = YES;
				GCC_WARN_UNUSED_VARIABLE = YES;
				IPHONEOS_DEPLOYMENT_TARGET = 11.0;
				MTL_ENABLE_DEBUG_INFO = INCLUDE_SOURCE;
				MTL_FAST_MATH = YES;
				ONLY_ACTIVE_ARCH = YES;
				SDKROOT = iphoneos;
			};
			name = Debug;
		};
		14CDC7DA289911720009358F /* Release */ = {
			isa = XCBuildConfiguration;
			buildSettings = {
				ALWAYS_SEARCH_USER_PATHS = NO;
				CLANG_ANALYZER_NONNULL = YES;
				CLANG_ANALYZER_NUMBER_OBJECT_CONVERSION = YES_AGGRESSIVE;
				CLANG_CXX_LANGUAGE_STANDARD = "gnu++17";
				CLANG_ENABLE_MODULES = YES;
				CLANG_ENABLE_OBJC_ARC = YES;
				CLANG_ENABLE_OBJC_WEAK = YES;
				CLANG_WARN_BLOCK_CAPTURE_AUTORELEASING = YES;
				CLANG_WARN_BOOL_CONVERSION = YES;
				CLANG_WARN_COMMA = YES;
				CLANG_WARN_CONSTANT_CONVERSION = YES;
				CLANG_WARN_DEPRECATED_OBJC_IMPLEMENTATIONS = YES;
				CLANG_WARN_DIRECT_OBJC_ISA_USAGE = YES_ERROR;
				CLANG_WARN_DOCUMENTATION_COMMENTS = YES;
				CLANG_WARN_EMPTY_BODY = YES;
				CLANG_WARN_ENUM_CONVERSION = YES;
				CLANG_WARN_INFINITE_RECURSION = YES;
				CLANG_WARN_INT_CONVERSION = YES;
				CLANG_WARN_NON_LITERAL_NULL_CONVERSION = YES;
				CLANG_WARN_OBJC_IMPLICIT_RETAIN_SELF = YES;
				CLANG_WARN_OBJC_LITERAL_CONVERSION = YES;
				CLANG_WARN_OBJC_ROOT_CLASS = YES_ERROR;
				CLANG_WARN_QUOTED_INCLUDE_IN_FRAMEWORK_HEADER = YES;
				CLANG_WARN_RANGE_LOOP_ANALYSIS = YES;
				CLANG_WARN_STRICT_PROTOTYPES = YES;
				CLANG_WARN_SUSPICIOUS_MOVE = YES;
				CLANG_WARN_UNGUARDED_AVAILABILITY = YES_AGGRESSIVE;
				CLANG_WARN_UNREACHABLE_CODE = YES;
				CLANG_WARN__DUPLICATE_METHOD_MATCH = YES;
				COPY_PHASE_STRIP = NO;
				DEBUG_INFORMATION_FORMAT = "dwarf-with-dsym";
				ENABLE_NS_ASSERTIONS = NO;
				ENABLE_STRICT_OBJC_MSGSEND = YES;
				GCC_C_LANGUAGE_STANDARD = gnu11;
				GCC_INCREASE_PRECOMPILED_HEADER_SHARING = NO;
				GCC_NO_COMMON_BLOCKS = YES;
				GCC_WARN_64_TO_32_BIT_CONVERSION = YES;
				GCC_WARN_ABOUT_RETURN_TYPE = YES_ERROR;
				GCC_WARN_UNDECLARED_SELECTOR = YES;
				GCC_WARN_UNINITIALIZED_AUTOS = YES_AGGRESSIVE;
				GCC_WARN_UNUSED_FUNCTION = YES;
				GCC_WARN_UNUSED_VARIABLE = YES;
				IPHONEOS_DEPLOYMENT_TARGET = 11.0;
				MTL_ENABLE_DEBUG_INFO = NO;
				MTL_FAST_MATH = YES;
				SDKROOT = iphoneos;
				VALIDATE_PRODUCT = YES;
			};
			name = Release;
		};
		14CDC7DC289911720009358F /* Debug */ = {
			isa = XCBuildConfiguration;
			baseConfigurationReference = 393C19EACBBEA0BF43A6E5A8 /* Pods-Rising.debug.xcconfig */;
			buildSettings = {
				ALWAYS_EMBED_SWIFT_STANDARD_LIBRARIES = YES;
				ASSETCATALOG_COMPILER_APPICON_NAME = AppIcon;
				ASSETCATALOG_COMPILER_GLOBAL_ACCENT_COLOR_NAME = AccentColor;
				CLANG_ENABLE_MODULES = YES;
				CODE_SIGN_STYLE = Automatic;
				CURRENT_PROJECT_VERSION = 1;
				DEVELOPMENT_TEAM = 727CVV9PLJ;
				EXCLUDED_ARCHS = arm64;
				GCC_PREFIX_HEADER = "$(SRCROOT)/Rising/RisingPCH.pch";
				GENERATE_INFOPLIST_FILE = YES;
				INFOPLIST_FILE = Rising/Info.plist;
				INFOPLIST_KEY_UIApplicationSupportsIndirectInputEvents = YES;
				INFOPLIST_KEY_UILaunchStoryboardName = LaunchScreen;
				INFOPLIST_KEY_UISupportedInterfaceOrientations_iPad = "UIInterfaceOrientationPortrait UIInterfaceOrientationPortraitUpsideDown UIInterfaceOrientationLandscapeLeft UIInterfaceOrientationLandscapeRight";
				INFOPLIST_KEY_UISupportedInterfaceOrientations_iPhone = "UIInterfaceOrientationPortrait UIInterfaceOrientationLandscapeLeft UIInterfaceOrientationLandscapeRight";
				LD_RUNPATH_SEARCH_PATHS = (
					"$(inherited)",
					"@executable_path/Frameworks",
				);
				MARKETING_VERSION = 1.0;
				ONLY_ACTIVE_ARCH = NO;
				PRODUCT_BUNDLE_IDENTIFIER = SSR.Rising;
				PRODUCT_NAME = "$(TARGET_NAME)";
				SWIFT_EMIT_LOC_STRINGS = YES;
				SWIFT_OBJC_BRIDGING_HEADER = "Rising/Rising-Bridging-Header.h";
				SWIFT_OPTIMIZATION_LEVEL = "-Onone";
				SWIFT_VERSION = 5.0;
				TARGETED_DEVICE_FAMILY = 1;
			};
			name = Debug;
		};
		14CDC7DD289911720009358F /* Release */ = {
			isa = XCBuildConfiguration;
			baseConfigurationReference = 22D3780331E63334F8D16391 /* Pods-Rising.release.xcconfig */;
			buildSettings = {
				ALWAYS_EMBED_SWIFT_STANDARD_LIBRARIES = YES;
				ASSETCATALOG_COMPILER_APPICON_NAME = AppIcon;
				ASSETCATALOG_COMPILER_GLOBAL_ACCENT_COLOR_NAME = AccentColor;
				CLANG_ENABLE_MODULES = YES;
				CODE_SIGN_STYLE = Automatic;
				CURRENT_PROJECT_VERSION = 1;
				DEVELOPMENT_TEAM = 727CVV9PLJ;
				EXCLUDED_ARCHS = arm64;
				GCC_PREFIX_HEADER = "$(SRCROOT)/Rising/RisingPCH.pch";
				GENERATE_INFOPLIST_FILE = YES;
				INFOPLIST_FILE = Rising/Info.plist;
				INFOPLIST_KEY_UIApplicationSupportsIndirectInputEvents = YES;
				INFOPLIST_KEY_UILaunchStoryboardName = LaunchScreen;
				INFOPLIST_KEY_UISupportedInterfaceOrientations_iPad = "UIInterfaceOrientationPortrait UIInterfaceOrientationPortraitUpsideDown UIInterfaceOrientationLandscapeLeft UIInterfaceOrientationLandscapeRight";
				INFOPLIST_KEY_UISupportedInterfaceOrientations_iPhone = "UIInterfaceOrientationPortrait UIInterfaceOrientationLandscapeLeft UIInterfaceOrientationLandscapeRight";
				LD_RUNPATH_SEARCH_PATHS = (
					"$(inherited)",
					"@executable_path/Frameworks",
				);
				MARKETING_VERSION = 1.0;
				ONLY_ACTIVE_ARCH = YES;
				PRODUCT_BUNDLE_IDENTIFIER = SSR.Rising;
				PRODUCT_NAME = "$(TARGET_NAME)";
				SWIFT_EMIT_LOC_STRINGS = YES;
				SWIFT_OBJC_BRIDGING_HEADER = "Rising/Rising-Bridging-Header.h";
				SWIFT_VERSION = 5.0;
				TARGETED_DEVICE_FAMILY = 1;
			};
			name = Release;
		};
/* End XCBuildConfiguration section */

/* Begin XCConfigurationList section */
		142170F728D1873B00B7B9B4 /* Build configuration list for PBXNativeTarget "RisingWidgetExtension" */ = {
			isa = XCConfigurationList;
			buildConfigurations = (
				142170F528D1873B00B7B9B4 /* Debug */,
				142170F628D1873B00B7B9B4 /* Release */,
			);
			defaultConfigurationIsVisible = 0;
			defaultConfigurationName = Release;
		};
		14CDC7BD289911720009358F /* Build configuration list for PBXProject "Rising" */ = {
			isa = XCConfigurationList;
			buildConfigurations = (
				14CDC7D9289911720009358F /* Debug */,
				14CDC7DA289911720009358F /* Release */,
			);
			defaultConfigurationIsVisible = 0;
			defaultConfigurationName = Release;
		};
		14CDC7DB289911720009358F /* Build configuration list for PBXNativeTarget "Rising" */ = {
			isa = XCConfigurationList;
			buildConfigurations = (
				14CDC7DC289911720009358F /* Debug */,
				14CDC7DD289911720009358F /* Release */,
			);
			defaultConfigurationIsVisible = 0;
			defaultConfigurationName = Release;
		};
/* End XCConfigurationList section */
	};
	rootObject = 14CDC7BA289911720009358F /* Project object */;
}
